// !$*UTF8*$!
{
	archiveVersion = 1;
	classes = {
	};
	objectVersion = 51;
	objects = {

/* Begin PBXBuildFile section */
		40F54B6DE265F09913544F01 /* Pods_Molecule_Finance.framework in Frameworks */ = {isa = PBXBuildFile; fileRef = 7762E1C5E138A1C443AEC91D /* Pods_Molecule_Finance.framework */; };
		9B0DB22C22D646B800940574 /* SectorsTable.swift in Sources */ = {isa = PBXBuildFile; fileRef = 9B0DB22B22D646B800940574 /* SectorsTable.swift */; };
		9B3AA7E622CA7AA600055B25 /* GoogleService-Info.plist in Resources */ = {isa = PBXBuildFile; fileRef = 9B3AA7E522CA7AA600055B25 /* GoogleService-Info.plist */; };
		9B635BAF22C8058D002A46E8 /* AppDelegate.swift in Sources */ = {isa = PBXBuildFile; fileRef = 9B635BAE22C8058D002A46E8 /* AppDelegate.swift */; };
		9B635BB122C8058D002A46E8 /* ViewController.swift in Sources */ = {isa = PBXBuildFile; fileRef = 9B635BB022C8058D002A46E8 /* ViewController.swift */; };
		9B635BB722C8058D002A46E8 /* Molecule_Finance.xcdatamodeld in Sources */ = {isa = PBXBuildFile; fileRef = 9B635BB522C8058D002A46E8 /* Molecule_Finance.xcdatamodeld */; };
		9B635BB922C8058D002A46E8 /* Assets.xcassets in Resources */ = {isa = PBXBuildFile; fileRef = 9B635BB822C8058D002A46E8 /* Assets.xcassets */; };
		9B635BBC22C8058D002A46E8 /* LaunchScreen.storyboard in Resources */ = {isa = PBXBuildFile; fileRef = 9B635BBA22C8058D002A46E8 /* LaunchScreen.storyboard */; };
		9B67759122D530510059CF0A /* US.swift in Sources */ = {isa = PBXBuildFile; fileRef = 9B67759022D530510059CF0A /* US.swift */; };
		9B67759322D53F110059CF0A /* InterestRate.swift in Sources */ = {isa = PBXBuildFile; fileRef = 9B67759222D53F110059CF0A /* InterestRate.swift */; };
		9B67759522D543930059CF0A /* Volatility.swift in Sources */ = {isa = PBXBuildFile; fileRef = 9B67759422D543930059CF0A /* Volatility.swift */; };
		9B67759722D544F00059CF0A /* PreciousMetals.swift in Sources */ = {isa = PBXBuildFile; fileRef = 9B67759622D544F00059CF0A /* PreciousMetals.swift */; };
		9B67759922D5468E0059CF0A /* WorldMarkets.swift in Sources */ = {isa = PBXBuildFile; fileRef = 9B67759822D5468E0059CF0A /* WorldMarkets.swift */; };
		9B67759B22D549AC0059CF0A /* Oil.swift in Sources */ = {isa = PBXBuildFile; fileRef = 9B67759A22D549AC0059CF0A /* Oil.swift */; };
		9B67759D22D54CF60059CF0A /* USMisc.swift in Sources */ = {isa = PBXBuildFile; fileRef = 9B67759C22D54CF60059CF0A /* USMisc.swift */; };
		9B67759F22D5502C0059CF0A /* SoftCommodities.swift in Sources */ = {isa = PBXBuildFile; fileRef = 9B67759E22D5502C0059CF0A /* SoftCommodities.swift */; };
		9B94516622CBBD7100B482A4 /* Signin.swift in Sources */ = {isa = PBXBuildFile; fileRef = 9B94516522CBBD7100B482A4 /* Signin.swift */; };
		9B94516822CBC77800B482A4 /* ForgotPassword.swift in Sources */ = {isa = PBXBuildFile; fileRef = 9B94516722CBC77800B482A4 /* ForgotPassword.swift */; };
		9BC7B90822D3B71000FDF1A4 /* Amount.swift in Sources */ = {isa = PBXBuildFile; fileRef = 9BC7B90722D3B71000FDF1A4 /* Amount.swift */; };
		9BC7B90A22D419AF00FDF1A4 /* Risk.swift in Sources */ = {isa = PBXBuildFile; fileRef = 9BC7B90922D419AF00FDF1A4 /* Risk.swift */; };
		9BC7CB2C22CAD5F1004A01CC /* SignupPassword.swift in Sources */ = {isa = PBXBuildFile; fileRef = 9BC7CB2B22CAD5F1004A01CC /* SignupPassword.swift */; };
		9BC7CB2F22CADB22004A01CC /* Main.storyboard in Resources */ = {isa = PBXBuildFile; fileRef = 9BC7CB2D22CADB22004A01CC /* Main.storyboard */; };
		9BD2BA0822D4E10F00E16ACD /* questionsCell.swift in Sources */ = {isa = PBXBuildFile; fileRef = 9BD2BA0622D4E10F00E16ACD /* questionsCell.swift */; };
		9BD2BA0922D4E10F00E16ACD /* questionsCell.xib in Resources */ = {isa = PBXBuildFile; fileRef = 9BD2BA0722D4E10F00E16ACD /* questionsCell.xib */; };
		9BD73D1222CAB74300E048DE /* SignupEmail.swift in Sources */ = {isa = PBXBuildFile; fileRef = 9BD73D1122CAB74300E048DE /* SignupEmail.swift */; };
/* End PBXBuildFile section */

/* Begin PBXFileReference section */
		17A522C2BBC5B0B00CF1C620 /* Pods-Molecule Finance.debug.xcconfig */ = {isa = PBXFileReference; includeInIndex = 1; lastKnownFileType = text.xcconfig; name = "Pods-Molecule Finance.debug.xcconfig"; path = "Target Support Files/Pods-Molecule Finance/Pods-Molecule Finance.debug.xcconfig"; sourceTree = "<group>"; };
		7762E1C5E138A1C443AEC91D /* Pods_Molecule_Finance.framework */ = {isa = PBXFileReference; explicitFileType = wrapper.framework; includeInIndex = 0; path = Pods_Molecule_Finance.framework; sourceTree = BUILT_PRODUCTS_DIR; };
		9B0DB22B22D646B800940574 /* SectorsTable.swift */ = {isa = PBXFileReference; lastKnownFileType = sourcecode.swift; path = SectorsTable.swift; sourceTree = "<group>"; };
		9B3AA7E522CA7AA600055B25 /* GoogleService-Info.plist */ = {isa = PBXFileReference; fileEncoding = 4; lastKnownFileType = text.plist.xml; path = "GoogleService-Info.plist"; sourceTree = "<group>"; };
		9B635BAB22C8058D002A46E8 /* Molecule Finance.app */ = {isa = PBXFileReference; explicitFileType = wrapper.application; includeInIndex = 0; path = "Molecule Finance.app"; sourceTree = BUILT_PRODUCTS_DIR; };
		9B635BAE22C8058D002A46E8 /* AppDelegate.swift */ = {isa = PBXFileReference; lastKnownFileType = sourcecode.swift; path = AppDelegate.swift; sourceTree = "<group>"; };
		9B635BB022C8058D002A46E8 /* ViewController.swift */ = {isa = PBXFileReference; lastKnownFileType = sourcecode.swift; path = ViewController.swift; sourceTree = "<group>"; };
		9B635BB622C8058D002A46E8 /* Molecule_Finance.xcdatamodel */ = {isa = PBXFileReference; lastKnownFileType = wrapper.xcdatamodel; path = Molecule_Finance.xcdatamodel; sourceTree = "<group>"; };
		9B635BB822C8058D002A46E8 /* Assets.xcassets */ = {isa = PBXFileReference; lastKnownFileType = folder.assetcatalog; path = Assets.xcassets; sourceTree = "<group>"; };
		9B635BBB22C8058D002A46E8 /* Base */ = {isa = PBXFileReference; lastKnownFileType = file.storyboard; name = Base; path = Base.lproj/LaunchScreen.storyboard; sourceTree = "<group>"; };
		9B635BBD22C8058D002A46E8 /* Info.plist */ = {isa = PBXFileReference; lastKnownFileType = text.plist.xml; path = Info.plist; sourceTree = "<group>"; };
		9B67759022D530510059CF0A /* US.swift */ = {isa = PBXFileReference; lastKnownFileType = sourcecode.swift; path = US.swift; sourceTree = "<group>"; };
		9B67759222D53F110059CF0A /* InterestRate.swift */ = {isa = PBXFileReference; lastKnownFileType = sourcecode.swift; path = InterestRate.swift; sourceTree = "<group>"; };
		9B67759422D543930059CF0A /* Volatility.swift */ = {isa = PBXFileReference; lastKnownFileType = sourcecode.swift; path = Volatility.swift; sourceTree = "<group>"; };
		9B67759622D544F00059CF0A /* PreciousMetals.swift */ = {isa = PBXFileReference; lastKnownFileType = sourcecode.swift; path = PreciousMetals.swift; sourceTree = "<group>"; };
		9B67759822D5468E0059CF0A /* WorldMarkets.swift */ = {isa = PBXFileReference; lastKnownFileType = sourcecode.swift; path = WorldMarkets.swift; sourceTree = "<group>"; };
		9B67759A22D549AC0059CF0A /* Oil.swift */ = {isa = PBXFileReference; lastKnownFileType = sourcecode.swift; path = Oil.swift; sourceTree = "<group>"; };
		9B67759C22D54CF60059CF0A /* USMisc.swift */ = {isa = PBXFileReference; lastKnownFileType = sourcecode.swift; path = USMisc.swift; sourceTree = "<group>"; };
		9B67759E22D5502C0059CF0A /* SoftCommodities.swift */ = {isa = PBXFileReference; lastKnownFileType = sourcecode.swift; path = SoftCommodities.swift; sourceTree = "<group>"; };
		9B94516522CBBD7100B482A4 /* Signin.swift */ = {isa = PBXFileReference; lastKnownFileType = sourcecode.swift; path = Signin.swift; sourceTree = "<group>"; };
		9B94516722CBC77800B482A4 /* ForgotPassword.swift */ = {isa = PBXFileReference; lastKnownFileType = sourcecode.swift; path = ForgotPassword.swift; sourceTree = "<group>"; };
		9BC7B90722D3B71000FDF1A4 /* Amount.swift */ = {isa = PBXFileReference; lastKnownFileType = sourcecode.swift; path = Amount.swift; sourceTree = "<group>"; };
		9BC7B90922D419AF00FDF1A4 /* Risk.swift */ = {isa = PBXFileReference; lastKnownFileType = sourcecode.swift; path = Risk.swift; sourceTree = "<group>"; };
		9BC7CB2B22CAD5F1004A01CC /* SignupPassword.swift */ = {isa = PBXFileReference; lastKnownFileType = sourcecode.swift; path = SignupPassword.swift; sourceTree = "<group>"; };
		9BC7CB2E22CADB22004A01CC /* Base */ = {isa = PBXFileReference; lastKnownFileType = file.storyboard; name = Base; path = Base.lproj/Main.storyboard; sourceTree = "<group>"; };
		9BD2BA0622D4E10F00E16ACD /* questionsCell.swift */ = {isa = PBXFileReference; lastKnownFileType = sourcecode.swift; path = questionsCell.swift; sourceTree = "<group>"; };
		9BD2BA0722D4E10F00E16ACD /* questionsCell.xib */ = {isa = PBXFileReference; lastKnownFileType = file.xib; path = questionsCell.xib; sourceTree = "<group>"; };
		9BD73D1122CAB74300E048DE /* SignupEmail.swift */ = {isa = PBXFileReference; lastKnownFileType = sourcecode.swift; path = SignupEmail.swift; sourceTree = "<group>"; };
		A824FD4910AC4A5DA6232D35 /* Pods-Molecule Finance.release.xcconfig */ = {isa = PBXFileReference; includeInIndex = 1; lastKnownFileType = text.xcconfig; name = "Pods-Molecule Finance.release.xcconfig"; path = "Target Support Files/Pods-Molecule Finance/Pods-Molecule Finance.release.xcconfig"; sourceTree = "<group>"; };
/* End PBXFileReference section */

/* Begin PBXFrameworksBuildPhase section */
		9B635BA822C8058D002A46E8 /* Frameworks */ = {
			isa = PBXFrameworksBuildPhase;
			buildActionMask = 2147483647;
			files = (
				40F54B6DE265F09913544F01 /* Pods_Molecule_Finance.framework in Frameworks */,
			);
			runOnlyForDeploymentPostprocessing = 0;
		};
/* End PBXFrameworksBuildPhase section */

/* Begin PBXGroup section */
		3503E4E638A7D351F4A02617 /* Pods */ = {
			isa = PBXGroup;
			children = (
				17A522C2BBC5B0B00CF1C620 /* Pods-Molecule Finance.debug.xcconfig */,
				A824FD4910AC4A5DA6232D35 /* Pods-Molecule Finance.release.xcconfig */,
			);
			path = Pods;
			sourceTree = "<group>";
		};
		9B0DB22A22D6468200940574 /* TableView Controllers */ = {
			isa = PBXGroup;
			children = (
				9B0DB22B22D646B800940574 /* SectorsTable.swift */,
			);
			path = "TableView Controllers";
			sourceTree = "<group>";
		};
		9B635BA222C8058D002A46E8 = {
			isa = PBXGroup;
			children = (
				9B635BAD22C8058D002A46E8 /* Molecule Finance */,
				9B635BAC22C8058D002A46E8 /* Products */,
				DD0433462270BF9679F6B04F /* Frameworks */,
				3503E4E638A7D351F4A02617 /* Pods */,
			);
			sourceTree = "<group>";
		};
		9B635BAC22C8058D002A46E8 /* Products */ = {
			isa = PBXGroup;
			children = (
				9B635BAB22C8058D002A46E8 /* Molecule Finance.app */,
			);
			name = Products;
			sourceTree = "<group>";
		};
		9B635BAD22C8058D002A46E8 /* Molecule Finance */ = {
			isa = PBXGroup;
			children = (
				9BD73D1322CAB75E00E048DE /* View Controllers */,
				9B635BAE22C8058D002A46E8 /* AppDelegate.swift */,
				9B0DB22A22D6468200940574 /* TableView Controllers */,
				9BD2BA0A22D4E12500E16ACD /* Questions Cell */,
				9B635BB822C8058D002A46E8 /* Assets.xcassets */,
				9BC7CB2D22CADB22004A01CC /* Main.storyboard */,
				9B635BBA22C8058D002A46E8 /* LaunchScreen.storyboard */,
				9B635BBD22C8058D002A46E8 /* Info.plist */,
				9B3AA7E522CA7AA600055B25 /* GoogleService-Info.plist */,
				9B635BB522C8058D002A46E8 /* Molecule_Finance.xcdatamodeld */,
			);
			path = "Molecule Finance";
			sourceTree = "<group>";
		};
		9BD2BA0A22D4E12500E16ACD /* Questions Cell */ = {
			isa = PBXGroup;
			children = (
				9BD2BA0622D4E10F00E16ACD /* questionsCell.swift */,
				9BD2BA0722D4E10F00E16ACD /* questionsCell.xib */,
			);
			path = "Questions Cell";
			sourceTree = "<group>";
		};
		9BD73D1322CAB75E00E048DE /* View Controllers */ = {
			isa = PBXGroup;
			children = (
				9B635BB022C8058D002A46E8 /* ViewController.swift */,
				9BD73D1122CAB74300E048DE /* SignupEmail.swift */,
				9BC7CB2B22CAD5F1004A01CC /* SignupPassword.swift */,
				9B94516522CBBD7100B482A4 /* Signin.swift */,
				9B94516722CBC77800B482A4 /* ForgotPassword.swift */,
				9BC7B90722D3B71000FDF1A4 /* Amount.swift */,
				9BC7B90922D419AF00FDF1A4 /* Risk.swift */,
				9B67759022D530510059CF0A /* US.swift */,
				9B67759222D53F110059CF0A /* InterestRate.swift */,
				9B67759C22D54CF60059CF0A /* USMisc.swift */,
				9B67759422D543930059CF0A /* Volatility.swift */,
				9B67759622D544F00059CF0A /* PreciousMetals.swift */,
				9B67759822D5468E0059CF0A /* WorldMarkets.swift */,
				9B67759A22D549AC0059CF0A /* Oil.swift */,
				9B67759E22D5502C0059CF0A /* SoftCommodities.swift */,
			);
			path = "View Controllers";
			sourceTree = "<group>";
		};
		DD0433462270BF9679F6B04F /* Frameworks */ = {
			isa = PBXGroup;
			children = (
				7762E1C5E138A1C443AEC91D /* Pods_Molecule_Finance.framework */,
			);
			name = Frameworks;
			sourceTree = "<group>";
		};
/* End PBXGroup section */

/* Begin PBXNativeTarget section */
		9B635BAA22C8058D002A46E8 /* Molecule Finance */ = {
			isa = PBXNativeTarget;
			buildConfigurationList = 9B635BC022C8058D002A46E8 /* Build configuration list for PBXNativeTarget "Molecule Finance" */;
			buildPhases = (
				3FD7F9727C4D38CE66E9B705 /* [CP] Check Pods Manifest.lock */,
				9B635BA722C8058D002A46E8 /* Sources */,
				9B635BA822C8058D002A46E8 /* Frameworks */,
				9B635BA922C8058D002A46E8 /* Resources */,
				9173BDCC2650C199FF706A64 /* [CP] Embed Pods Frameworks */,
			);
			buildRules = (
			);
			dependencies = (
			);
			name = "Molecule Finance";
			productName = "Molecule Finance";
			productReference = 9B635BAB22C8058D002A46E8 /* Molecule Finance.app */;
			productType = "com.apple.product-type.application";
		};
/* End PBXNativeTarget section */

/* Begin PBXProject section */
		9B635BA322C8058D002A46E8 /* Project object */ = {
			isa = PBXProject;
			attributes = {
				LastSwiftUpdateCheck = 1020;
				LastUpgradeCheck = 1020;
				ORGANIZATIONNAME = "Rushabh Nagori";
				TargetAttributes = {
					9B635BAA22C8058D002A46E8 = {
						CreatedOnToolsVersion = 10.2.1;
					};
				};
			};
			buildConfigurationList = 9B635BA622C8058D002A46E8 /* Build configuration list for PBXProject "Molecule Finance" */;
			compatibilityVersion = "Xcode 9.3";
			developmentRegion = en;
			hasScannedForEncodings = 0;
			knownRegions = (
				en,
				Base,
			);
			mainGroup = 9B635BA222C8058D002A46E8;
			productRefGroup = 9B635BAC22C8058D002A46E8 /* Products */;
			projectDirPath = "";
			projectRoot = "";
			targets = (
				9B635BAA22C8058D002A46E8 /* Molecule Finance */,
			);
		};
/* End PBXProject section */

/* Begin PBXResourcesBuildPhase section */
		9B635BA922C8058D002A46E8 /* Resources */ = {
			isa = PBXResourcesBuildPhase;
			buildActionMask = 2147483647;
			files = (
				9B3AA7E622CA7AA600055B25 /* GoogleService-Info.plist in Resources */,
				9BD2BA0922D4E10F00E16ACD /* questionsCell.xib in Resources */,
				9B635BBC22C8058D002A46E8 /* LaunchScreen.storyboard in Resources */,
				9B635BB922C8058D002A46E8 /* Assets.xcassets in Resources */,
				9BC7CB2F22CADB22004A01CC /* Main.storyboard in Resources */,
			);
			runOnlyForDeploymentPostprocessing = 0;
		};
/* End PBXResourcesBuildPhase section */

/* Begin PBXShellScriptBuildPhase section */
		3FD7F9727C4D38CE66E9B705 /* [CP] Check Pods Manifest.lock */ = {
			isa = PBXShellScriptBuildPhase;
			buildActionMask = 2147483647;
			files = (
			);
			inputFileListPaths = (
			);
			inputPaths = (
				"${PODS_PODFILE_DIR_PATH}/Podfile.lock",
				"${PODS_ROOT}/Manifest.lock",
			);
			name = "[CP] Check Pods Manifest.lock";
			outputFileListPaths = (
			);
			outputPaths = (
				"$(DERIVED_FILE_DIR)/Pods-Molecule Finance-checkManifestLockResult.txt",
			);
			runOnlyForDeploymentPostprocessing = 0;
			shellPath = /bin/sh;
			shellScript = "diff \"${PODS_PODFILE_DIR_PATH}/Podfile.lock\" \"${PODS_ROOT}/Manifest.lock\" > /dev/null\nif [ $? != 0 ] ; then\n    # print error to STDERR\n    echo \"error: The sandbox is not in sync with the Podfile.lock. Run 'pod install' or update your CocoaPods installation.\" >&2\n    exit 1\nfi\n# This output is used by Xcode 'outputs' to avoid re-running this script phase.\necho \"SUCCESS\" > \"${SCRIPT_OUTPUT_FILE_0}\"\n";
			showEnvVarsInLog = 0;
		};
		9173BDCC2650C199FF706A64 /* [CP] Embed Pods Frameworks */ = {
			isa = PBXShellScriptBuildPhase;
			buildActionMask = 2147483647;
			files = (
			);
			inputFileListPaths = (
				"${PODS_ROOT}/Target Support Files/Pods-Molecule Finance/Pods-Molecule Finance-frameworks-${CONFIGURATION}-input-files.xcfilelist",
			);
			name = "[CP] Embed Pods Frameworks";
			outputFileListPaths = (
				"${PODS_ROOT}/Target Support Files/Pods-Molecule Finance/Pods-Molecule Finance-frameworks-${CONFIGURATION}-output-files.xcfilelist",
			);
			runOnlyForDeploymentPostprocessing = 0;
			shellPath = /bin/sh;
			shellScript = "\"${PODS_ROOT}/Target Support Files/Pods-Molecule Finance/Pods-Molecule Finance-frameworks.sh\"\n";
			showEnvVarsInLog = 0;
		};
/* End PBXShellScriptBuildPhase section */

/* Begin PBXSourcesBuildPhase section */
		9B635BA722C8058D002A46E8 /* Sources */ = {
			isa = PBXSourcesBuildPhase;
			buildActionMask = 2147483647;
			files = (
				9B67759922D5468E0059CF0A /* WorldMarkets.swift in Sources */,
				9B635BB122C8058D002A46E8 /* ViewController.swift in Sources */,
				9BD2BA0822D4E10F00E16ACD /* questionsCell.swift in Sources */,
				9B635BAF22C8058D002A46E8 /* AppDelegate.swift in Sources */,
				9B67759322D53F110059CF0A /* InterestRate.swift in Sources */,
				9BD73D1222CAB74300E048DE /* SignupEmail.swift in Sources */,
				9BC7B90822D3B71000FDF1A4 /* Amount.swift in Sources */,
				9B635BB722C8058D002A46E8 /* Molecule_Finance.xcdatamodeld in Sources */,
				9B67759D22D54CF60059CF0A /* USMisc.swift in Sources */,
				9B0DB22C22D646B800940574 /* SectorsTable.swift in Sources */,
				9B67759B22D549AC0059CF0A /* Oil.swift in Sources */,
				9B94516822CBC77800B482A4 /* ForgotPassword.swift in Sources */,
				9B67759122D530510059CF0A /* US.swift in Sources */,
				9B67759722D544F00059CF0A /* PreciousMetals.swift in Sources */,
				9BC7CB2C22CAD5F1004A01CC /* SignupPassword.swift in Sources */,
				9BC7B90A22D419AF00FDF1A4 /* Risk.swift in Sources */,
				9B94516622CBBD7100B482A4 /* Signin.swift in Sources */,
				9B67759522D543930059CF0A /* Volatility.swift in Sources */,
				9B67759F22D5502C0059CF0A /* SoftCommodities.swift in Sources */,
			);
			runOnlyForDeploymentPostprocessing = 0;
		};
/* End PBXSourcesBuildPhase section */

/* Begin PBXVariantGroup section */
		9B635BBA22C8058D002A46E8 /* LaunchScreen.storyboard */ = {
			isa = PBXVariantGroup;
			children = (
				9B635BBB22C8058D002A46E8 /* Base */,
			);
			name = LaunchScreen.storyboard;
			sourceTree = "<group>";
		};
		9BC7CB2D22CADB22004A01CC /* Main.storyboard */ = {
			isa = PBXVariantGroup;
			children = (
				9BC7CB2E22CADB22004A01CC /* Base */,
			);
			name = Main.storyboard;
			sourceTree = "<group>";
		};
/* End PBXVariantGroup section */

/* Begin XCBuildConfiguration section */
		9B635BBE22C8058D002A46E8 /* Debug */ = {
			isa = XCBuildConfiguration;
			buildSettings = {
				ALWAYS_SEARCH_USER_PATHS = NO;
				CLANG_ANALYZER_NONNULL = YES;
				CLANG_ANALYZER_NUMBER_OBJECT_CONVERSION = YES_AGGRESSIVE;
				CLANG_CXX_LANGUAGE_STANDARD = "gnu++14";
				CLANG_CXX_LIBRARY = "libc++";
				CLANG_ENABLE_MODULES = YES;
				CLANG_ENABLE_OBJC_ARC = YES;
				CLANG_ENABLE_OBJC_WEAK = YES;
				CLANG_WARN_BLOCK_CAPTURE_AUTORELEASING = YES;
				CLANG_WARN_BOOL_CONVERSION = YES;
				CLANG_WARN_COMMA = YES;
				CLANG_WARN_CONSTANT_CONVERSION = YES;
				CLANG_WARN_DEPRECATED_OBJC_IMPLEMENTATIONS = YES;
				CLANG_WARN_DIRECT_OBJC_ISA_USAGE = YES_ERROR;
				CLANG_WARN_DOCUMENTATION_COMMENTS = YES;
				CLANG_WARN_EMPTY_BODY = YES;
				CLANG_WARN_ENUM_CONVERSION = YES;
				CLANG_WARN_INFINITE_RECURSION = YES;
				CLANG_WARN_INT_CONVERSION = YES;
				CLANG_WARN_NON_LITERAL_NULL_CONVERSION = YES;
				CLANG_WARN_OBJC_IMPLICIT_RETAIN_SELF = YES;
				CLANG_WARN_OBJC_LITERAL_CONVERSION = YES;
				CLANG_WARN_OBJC_ROOT_CLASS = YES_ERROR;
				CLANG_WARN_RANGE_LOOP_ANALYSIS = YES;
				CLANG_WARN_STRICT_PROTOTYPES = YES;
				CLANG_WARN_SUSPICIOUS_MOVE = YES;
				CLANG_WARN_UNGUARDED_AVAILABILITY = YES_AGGRESSIVE;
				CLANG_WARN_UNREACHABLE_CODE = YES;
				CLANG_WARN__DUPLICATE_METHOD_MATCH = YES;
				CODE_SIGN_IDENTITY = "iPhone Developer";
				COPY_PHASE_STRIP = NO;
				DEBUG_INFORMATION_FORMAT = dwarf;
				ENABLE_STRICT_OBJC_MSGSEND = YES;
				ENABLE_TESTABILITY = YES;
				GCC_C_LANGUAGE_STANDARD = gnu11;
				GCC_DYNAMIC_NO_PIC = NO;
				GCC_NO_COMMON_BLOCKS = YES;
				GCC_OPTIMIZATION_LEVEL = 0;
				GCC_PREPROCESSOR_DEFINITIONS = (
					"DEBUG=1",
					"$(inherited)",
				);
				GCC_WARN_64_TO_32_BIT_CONVERSION = YES;
				GCC_WARN_ABOUT_RETURN_TYPE = YES_ERROR;
				GCC_WARN_UNDECLARED_SELECTOR = YES;
				GCC_WARN_UNINITIALIZED_AUTOS = YES_AGGRESSIVE;
				GCC_WARN_UNUSED_FUNCTION = YES;
				GCC_WARN_UNUSED_VARIABLE = YES;
				IPHONEOS_DEPLOYMENT_TARGET = 12.2;
				MTL_ENABLE_DEBUG_INFO = INCLUDE_SOURCE;
				MTL_FAST_MATH = YES;
				ONLY_ACTIVE_ARCH = YES;
				SDKROOT = iphoneos;
				SWIFT_ACTIVE_COMPILATION_CONDITIONS = DEBUG;
				SWIFT_OPTIMIZATION_LEVEL = "-Onone";
			};
			name = Debug;
		};
		9B635BBF22C8058D002A46E8 /* Release */ = {
			isa = XCBuildConfiguration;
			buildSettings = {
				ALWAYS_SEARCH_USER_PATHS = NO;
				CLANG_ANALYZER_NONNULL = YES;
				CLANG_ANALYZER_NUMBER_OBJECT_CONVERSION = YES_AGGRESSIVE;
				CLANG_CXX_LANGUAGE_STANDARD = "gnu++14";
				CLANG_CXX_LIBRARY = "libc++";
				CLANG_ENABLE_MODULES = YES;
				CLANG_ENABLE_OBJC_ARC = YES;
				CLANG_ENABLE_OBJC_WEAK = YES;
				CLANG_WARN_BLOCK_CAPTURE_AUTORELEASING = YES;
				CLANG_WARN_BOOL_CONVERSION = YES;
				CLANG_WARN_COMMA = YES;
				CLANG_WARN_CONSTANT_CONVERSION = YES;
				CLANG_WARN_DEPRECATED_OBJC_IMPLEMENTATIONS = YES;
				CLANG_WARN_DIRECT_OBJC_ISA_USAGE = YES_ERROR;
				CLANG_WARN_DOCUMENTATION_COMMENTS = YES;
				CLANG_WARN_EMPTY_BODY = YES;
				CLANG_WARN_ENUM_CONVERSION = YES;
				CLANG_WARN_INFINITE_RECURSION = YES;
				CLANG_WARN_INT_CONVERSION = YES;
				CLANG_WARN_NON_LITERAL_NULL_CONVERSION = YES;
				CLANG_WARN_OBJC_IMPLICIT_RETAIN_SELF = YES;
				CLANG_WARN_OBJC_LITERAL_CONVERSION = YES;
				CLANG_WARN_OBJC_ROOT_CLASS = YES_ERROR;
				CLANG_WARN_RANGE_LOOP_ANALYSIS = YES;
				CLANG_WARN_STRICT_PROTOTYPES = YES;
				CLANG_WARN_SUSPICIOUS_MOVE = YES;
				CLANG_WARN_UNGUARDED_AVAILABILITY = YES_AGGRESSIVE;
				CLANG_WARN_UNREACHABLE_CODE = YES;
				CLANG_WARN__DUPLICATE_METHOD_MATCH = YES;
				CODE_SIGN_IDENTITY = "iPhone Developer";
				COPY_PHASE_STRIP = NO;
				DEBUG_INFORMATION_FORMAT = "dwarf-with-dsym";
				ENABLE_NS_ASSERTIONS = NO;
				ENABLE_STRICT_OBJC_MSGSEND = YES;
				GCC_C_LANGUAGE_STANDARD = gnu11;
				GCC_NO_COMMON_BLOCKS = YES;
				GCC_WARN_64_TO_32_BIT_CONVERSION = YES;
				GCC_WARN_ABOUT_RETURN_TYPE = YES_ERROR;
				GCC_WARN_UNDECLARED_SELECTOR = YES;
				GCC_WARN_UNINITIALIZED_AUTOS = YES_AGGRESSIVE;
				GCC_WARN_UNUSED_FUNCTION = YES;
				GCC_WARN_UNUSED_VARIABLE = YES;
				IPHONEOS_DEPLOYMENT_TARGET = 12.2;
				MTL_ENABLE_DEBUG_INFO = NO;
				MTL_FAST_MATH = YES;
				SDKROOT = iphoneos;
				SWIFT_COMPILATION_MODE = wholemodule;
				SWIFT_OPTIMIZATION_LEVEL = "-O";
				VALIDATE_PRODUCT = YES;
			};
			name = Release;
		};
		9B635BC122C8058D002A46E8 /* Debug */ = {
			isa = XCBuildConfiguration;
			baseConfigurationReference = 17A522C2BBC5B0B00CF1C620 /* Pods-Molecule Finance.debug.xcconfig */;
			buildSettings = {
				ASSETCATALOG_COMPILER_APPICON_NAME = AppIcon;
				CODE_SIGN_STYLE = Automatic;
				DEVELOPMENT_TEAM = PT5996V375;
				INFOPLIST_FILE = "Molecule Finance/Info.plist";
				LD_RUNPATH_SEARCH_PATHS = (
					"$(inherited)",
					"@executable_path/Frameworks",
				);
				PRODUCT_BUNDLE_IDENTIFIER = "com.rushabhnagori.Molecule-Finance";
				PRODUCT_NAME = "$(TARGET_NAME)";
				SWIFT_VERSION = 5.0;
				TARGETED_DEVICE_FAMILY = "1,2";
			};
			name = Debug;
		};
		9B635BC222C8058D002A46E8 /* Release */ = {
			isa = XCBuildConfiguration;
			baseConfigurationReference = A824FD4910AC4A5DA6232D35 /* Pods-Molecule Finance.release.xcconfig */;
			buildSettings = {
				ASSETCATALOG_COMPILER_APPICON_NAME = AppIcon;
				CODE_SIGN_STYLE = Automatic;
				DEVELOPMENT_TEAM = PT5996V375;
				INFOPLIST_FILE = "Molecule Finance/Info.plist";
				LD_RUNPATH_SEARCH_PATHS = (
					"$(inherited)",
					"@executable_path/Frameworks",
				);
				PRODUCT_BUNDLE_IDENTIFIER = "com.rushabhnagori.Molecule-Finance";
				PRODUCT_NAME = "$(TARGET_NAME)";
				SWIFT_VERSION = 5.0;
				TARGETED_DEVICE_FAMILY = "1,2";
			};
			name = Release;
		};
/* End XCBuildConfiguration section */

/* Begin XCConfigurationList section */
		9B635BA622C8058D002A46E8 /* Build configuration list for PBXProject "Molecule Finance" */ = {
			isa = XCConfigurationList;
			buildConfigurations = (
				9B635BBE22C8058D002A46E8 /* Debug */,
				9B635BBF22C8058D002A46E8 /* Release */,
			);
			defaultConfigurationIsVisible = 0;
			defaultConfigurationName = Release;
		};
		9B635BC022C8058D002A46E8 /* Build configuration list for PBXNativeTarget "Molecule Finance" */ = {
			isa = XCConfigurationList;
			buildConfigurations = (
				9B635BC122C8058D002A46E8 /* Debug */,
				9B635BC222C8058D002A46E8 /* Release */,
			);
			defaultConfigurationIsVisible = 0;
			defaultConfigurationName = Release;
		};
/* End XCConfigurationList section */

/* Begin XCVersionGroup section */
		9B635BB522C8058D002A46E8 /* Molecule_Finance.xcdatamodeld */ = {
			isa = XCVersionGroup;
			children = (
				9B635BB622C8058D002A46E8 /* Molecule_Finance.xcdatamodel */,
			);
			currentVersion = 9B635BB622C8058D002A46E8 /* Molecule_Finance.xcdatamodel */;
			path = Molecule_Finance.xcdatamodeld;
			sourceTree = "<group>";
			versionGroupType = wrapper.xcdatamodel;
		};
/* End XCVersionGroup section */
	};
	rootObject = 9B635BA322C8058D002A46E8 /* Project object */;
}
